
Microsoft Visual Studio Solution File, Format Version 12.00
# Visual Studio Version 16
VisualStudioVersion = 16.0.29806.167
MinimumVisualStudioVersion = 10.0.40219.1
Project("{FAE04EC0-301F-11D3-BF4B-00C04F79EFBC}") = "RandomSquares", "RandomSquares\RandomSquares.csproj", "{F16FE2E4-6D9F-4984-8D12-87DD4AE6003F}"
EndProject
Global
	GlobalSection(SolutionConfigurationPlatforms) = preSolution
		Debug|Any CPU = Debug|Any CPU
		Release|Any CPU = Release|Any CPU
	EndGlobalSection
	GlobalSection(ProjectConfigurationPlatforms) = postSolution
		{F16FE2E4-6D9F-4984-8D12-87DD4AE6003F}.Debug|Any CPU.ActiveCfg = Debug|Any CPU
		{F16FE2E4-6D9F-4984-8D12-87DD4AE6003F}.Debug|Any CPU.Build.0 = Debug|Any CPU
		{F16FE2E4-6D9F-4984-8D12-87DD4AE6003F}.Release|Any CPU.ActiveCfg = Release|Any CPU
		{F16FE2E4-6D9F-4984-8D12-87DD4AE6003F}.Release|Any CPU.Build.0 = Release|Any CPU
	EndGlobalSection
	GlobalSection(SolutionProperties) = preSolution
		HideSolutionNode = FALSE
	EndGlobalSection
	GlobalSection(ExtensibilityGlobals) = postSolution
		SolutionGuid = {875B418F-ABF2-4F99-AD0F-B83B5E727518}
	EndGlobalSection
EndGlobal
